
Microsoft Visual Studio Solution File, Format Version 12.00
# Visual Studio Version 16
VisualStudioVersion = 16.0.30621.155
MinimumVisualStudioVersion = 10.0.40219.1
Project("{FAE04EC0-301F-11D3-BF4B-00C04F79EFBC}") = "pi-lab07c", "pi-lab07c\pi-lab07c.csproj", "{0BFC6023-724A-4B41-BFA9-E48B3382282D}"
EndProject
Project("{FAE04EC0-301F-11D3-BF4B-00C04F79EFBC}") = "Host", "Host\Host.csproj", "{32529D76-01E4-4278-A4D7-E91935EAF7D0}"
EndProject
Global
	GlobalSection(SolutionConfigurationPlatforms) = preSolution
		Debug|Any CPU = Debug|Any CPU
		Release|Any CPU = Release|Any CPU
	EndGlobalSection
	GlobalSection(ProjectConfigurationPlatforms) = postSolution
		{0BFC6023-724A-4B41-BFA9-E48B3382282D}.Debug|Any CPU.ActiveCfg = Debug|Any CPU
		{0BFC6023-724A-4B41-BFA9-E48B3382282D}.Debug|Any CPU.Build.0 = Debug|Any CPU
		{0BFC6023-724A-4B41-BFA9-E48B3382282D}.Release|Any CPU.ActiveCfg = Release|Any CPU
		{0BFC6023-724A-4B41-BFA9-E48B3382282D}.Release|Any CPU.Build.0 = Release|Any CPU
		{32529D76-01E4-4278-A4D7-E91935EAF7D0}.Debug|Any CPU.ActiveCfg = Debug|Any CPU
		{32529D76-01E4-4278-A4D7-E91935EAF7D0}.Debug|Any CPU.Build.0 = Debug|Any CPU
		{32529D76-01E4-4278-A4D7-E91935EAF7D0}.Release|Any CPU.ActiveCfg = Release|Any CPU
		{32529D76-01E4-4278-A4D7-E91935EAF7D0}.Release|Any CPU.Build.0 = Release|Any CPU
	EndGlobalSection
	GlobalSection(SolutionProperties) = preSolution
		HideSolutionNode = FALSE
	EndGlobalSection
	GlobalSection(ExtensibilityGlobals) = postSolution
		SolutionGuid = {C7C169D2-491D-4336-87B8-87964BD3A27A}
	EndGlobalSection
EndGlobal
