
Microsoft Visual Studio Solution File, Format Version 12.00
# Visual Studio Version 16
VisualStudioVersion = 16.0.30114.105
MinimumVisualStudioVersion = 10.0.40219.1
Project("{FAE04EC0-301F-11D3-BF4B-00C04F79EFBC}") = "pi-lab01a", "pi-lab01a\pi-lab01a.csproj", "{AC415B6F-804A-4C92-9F10-AFCFA60E0E44}"
EndProject
Project("{FAE04EC0-301F-11D3-BF4B-00C04F79EFBC}") = "windows-client", "windows-client\windows-client.csproj", "{50BA43CC-A98B-419A-86C3-ABDD384A12E3}"
EndProject
Global
	GlobalSection(SolutionConfigurationPlatforms) = preSolution
		Debug|Any CPU = Debug|Any CPU
		Release|Any CPU = Release|Any CPU
	EndGlobalSection
	GlobalSection(ProjectConfigurationPlatforms) = postSolution
		{AC415B6F-804A-4C92-9F10-AFCFA60E0E44}.Debug|Any CPU.ActiveCfg = Debug|Any CPU
		{AC415B6F-804A-4C92-9F10-AFCFA60E0E44}.Debug|Any CPU.Build.0 = Debug|Any CPU
		{AC415B6F-804A-4C92-9F10-AFCFA60E0E44}.Release|Any CPU.ActiveCfg = Release|Any CPU
		{AC415B6F-804A-4C92-9F10-AFCFA60E0E44}.Release|Any CPU.Build.0 = Release|Any CPU
		{50BA43CC-A98B-419A-86C3-ABDD384A12E3}.Debug|Any CPU.ActiveCfg = Debug|Any CPU
		{50BA43CC-A98B-419A-86C3-ABDD384A12E3}.Debug|Any CPU.Build.0 = Debug|Any CPU
		{50BA43CC-A98B-419A-86C3-ABDD384A12E3}.Release|Any CPU.ActiveCfg = Release|Any CPU
		{50BA43CC-A98B-419A-86C3-ABDD384A12E3}.Release|Any CPU.Build.0 = Release|Any CPU
	EndGlobalSection
	GlobalSection(SolutionProperties) = preSolution
		HideSolutionNode = FALSE
	EndGlobalSection
	GlobalSection(ExtensibilityGlobals) = postSolution
		SolutionGuid = {C33ACB32-917A-4C03-BD84-6902678134EA}
	EndGlobalSection
EndGlobal
