
Microsoft Visual Studio Solution File, Format Version 12.00
# Visual Studio Version 16
VisualStudioVersion = 16.0.30503.244
MinimumVisualStudioVersion = 10.0.40219.1
Project("{FAE04EC0-301F-11D3-BF4B-00C04F79EFBC}") = "pi-lab07b", "pi-lab07b\pi-lab07b.csproj", "{5B659B57-8957-4C38-9370-89331CA61C05}"
EndProject
Project("{FAE04EC0-301F-11D3-BF4B-00C04F79EFBC}") = "client", "client\client.csproj", "{FC0BE024-B747-4532-9953-00EDE901F195}"
	ProjectSection(ProjectDependencies) = postProject
		{5B659B57-8957-4C38-9370-89331CA61C05} = {5B659B57-8957-4C38-9370-89331CA61C05}
	EndProjectSection
EndProject
Global
	GlobalSection(SolutionConfigurationPlatforms) = preSolution
		Debug|Any CPU = Debug|Any CPU
		Release|Any CPU = Release|Any CPU
	EndGlobalSection
	GlobalSection(ProjectConfigurationPlatforms) = postSolution
		{5B659B57-8957-4C38-9370-89331CA61C05}.Debug|Any CPU.ActiveCfg = Debug|Any CPU
		{5B659B57-8957-4C38-9370-89331CA61C05}.Debug|Any CPU.Build.0 = Debug|Any CPU
		{5B659B57-8957-4C38-9370-89331CA61C05}.Release|Any CPU.ActiveCfg = Release|Any CPU
		{5B659B57-8957-4C38-9370-89331CA61C05}.Release|Any CPU.Build.0 = Release|Any CPU
		{FC0BE024-B747-4532-9953-00EDE901F195}.Debug|Any CPU.ActiveCfg = Debug|Any CPU
		{FC0BE024-B747-4532-9953-00EDE901F195}.Debug|Any CPU.Build.0 = Debug|Any CPU
		{FC0BE024-B747-4532-9953-00EDE901F195}.Release|Any CPU.ActiveCfg = Release|Any CPU
		{FC0BE024-B747-4532-9953-00EDE901F195}.Release|Any CPU.Build.0 = Release|Any CPU
	EndGlobalSection
	GlobalSection(SolutionProperties) = preSolution
		HideSolutionNode = FALSE
	EndGlobalSection
	GlobalSection(ExtensibilityGlobals) = postSolution
		SolutionGuid = {24545F4E-1242-4E63-9B83-5DA3D171E8A6}
	EndGlobalSection
EndGlobal
