
Microsoft Visual Studio Solution File, Format Version 12.00
# Visual Studio Version 16
VisualStudioVersion = 16.0.30114.105
MinimumVisualStudioVersion = 10.0.40219.1
Project("{FAE04EC0-301F-11D3-BF4B-00C04F79EFBC}") = "pi-lab05b", "pi-lab05b\pi-lab05b.csproj", "{87AEA6C6-1948-4018-A056-BAE6B08CE213}"
EndProject
Global
	GlobalSection(SolutionConfigurationPlatforms) = preSolution
		Debug|Any CPU = Debug|Any CPU
		Release|Any CPU = Release|Any CPU
	EndGlobalSection
	GlobalSection(ProjectConfigurationPlatforms) = postSolution
		{87AEA6C6-1948-4018-A056-BAE6B08CE213}.Debug|Any CPU.ActiveCfg = Debug|Any CPU
		{87AEA6C6-1948-4018-A056-BAE6B08CE213}.Debug|Any CPU.Build.0 = Debug|Any CPU
		{87AEA6C6-1948-4018-A056-BAE6B08CE213}.Release|Any CPU.ActiveCfg = Release|Any CPU
		{87AEA6C6-1948-4018-A056-BAE6B08CE213}.Release|Any CPU.Build.0 = Release|Any CPU
	EndGlobalSection
	GlobalSection(SolutionProperties) = preSolution
		HideSolutionNode = FALSE
	EndGlobalSection
	GlobalSection(ExtensibilityGlobals) = postSolution
		SolutionGuid = {7E17719E-B9B0-4B4A-915A-F799C8DED9AA}
	EndGlobalSection
EndGlobal
