
Microsoft Visual Studio Solution File, Format Version 12.00
# Visual Studio Version 16
VisualStudioVersion = 16.0.30621.155
MinimumVisualStudioVersion = 10.0.40219.1
Project("{FAE04EC0-301F-11D3-BF4B-00C04F79EFBC}") = "pi-lab07c-client", "pi-lab07c-client\pi-lab07c-client.csproj", "{B42FA1D2-C056-4384-87FD-E57D631A6012}"
EndProject
Global
	GlobalSection(SolutionConfigurationPlatforms) = preSolution
		Debug|Any CPU = Debug|Any CPU
		Release|Any CPU = Release|Any CPU
	EndGlobalSection
	GlobalSection(ProjectConfigurationPlatforms) = postSolution
		{B42FA1D2-C056-4384-87FD-E57D631A6012}.Debug|Any CPU.ActiveCfg = Debug|Any CPU
		{B42FA1D2-C056-4384-87FD-E57D631A6012}.Debug|Any CPU.Build.0 = Debug|Any CPU
		{B42FA1D2-C056-4384-87FD-E57D631A6012}.Release|Any CPU.ActiveCfg = Release|Any CPU
		{B42FA1D2-C056-4384-87FD-E57D631A6012}.Release|Any CPU.Build.0 = Release|Any CPU
	EndGlobalSection
	GlobalSection(SolutionProperties) = preSolution
		HideSolutionNode = FALSE
	EndGlobalSection
	GlobalSection(ExtensibilityGlobals) = postSolution
		SolutionGuid = {EF86EC98-AB3A-4A07-8383-F289BCDEDEFE}
	EndGlobalSection
EndGlobal
